<?xml version="1.0" encoding="utf-8"?>
<Project ToolsVersion="4.0" xmlns="http://schemas.microsoft.com/developer/msbuild/2003">
  <ItemGroup>
    <Filter Include="Quelldateien">
      <UniqueIdentifier>{4FC737F1-C7A5-4376-A066-2A32D752A2FF}</UniqueIdentifier>
      <Extensions>cpp;c;cc;cxx;def;odl;idl;hpj;bat;asm;asmx</Extensions>
    </Filter>
    <Filter Include="Headerdateien">
      <UniqueIdentifier>{93995380-89BD-4b04-88EB-625FBE52EBFB}</UniqueIdentifier>
      <Extensions>h;hh;hpp;hxx;hm;inl;inc;ipp;xsd</Extensions>
    </Filter>
    <Filter Include="Ressourcendateien">
      <UniqueIdentifier>{67DA6AB6-F800-4c08-8B7A-83BB121AAD01}</UniqueIdentifier>
      <Extensions>rc;ico;cur;bmp;dlg;rc2;rct;bin;rgs;gif;jpg;jpeg;jpe;resx;tiff;tif;png;wav;mfcribbon-ms</Extensions>
    </Filter>
  </ItemGroup>
  <ItemGroup>
    <ClCompile Include="src\Main.cpp">
      <Filter>Quelldateien</Filter>
    </ClCompile>
    <ClCompile Include="src\Server\WorldServer.cpp">
      <Filter>Quelldateien</Filter>
    </ClCompile>
    <ClCompile Include="src\Server\AuthServer.cpp">
      <Filter>Quelldateien</Filter>
    </ClCompile>
    <ClCompile Include="libs\RakNet\AsynchronousFileIO.cpp">
      <Filter>Quelldateien</Filter>
    </ClCompile>
    <ClCompile Include="libs\RakNet\AutoRPC.cpp">
      <Filter>Quelldateien</Filter>
    </ClCompile>
    <ClCompile Include="libs\RakNet\BitStream.cpp">
      <Filter>Quelldateien</Filter>
    </ClCompile>
    <ClCompile Include="libs\RakNet\BitStream_NoTemplate.cpp">
      <Filter>Quelldateien</Filter>
    </ClCompile>
    <ClCompile Include="libs\RakNet\CheckSum.cpp">
      <Filter>Quelldateien</Filter>
    </ClCompile>
    <ClCompile Include="libs\RakNet\CommandParserInterface.cpp">
      <Filter>Quelldateien</Filter>
    </ClCompile>
    <ClCompile Include="libs\RakNet\ConnectionGraph.cpp">
      <Filter>Quelldateien</Filter>
    </ClCompile>
    <ClCompile Include="libs\RakNet\ConsoleServer.cpp">
      <Filter>Quelldateien</Filter>
    </ClCompile>
    <ClCompile Include="libs\RakNet\DataBlockEncryptor.cpp">
      <Filter>Quelldateien</Filter>
    </ClCompile>
    <ClCompile Include="libs\RakNet\DataCompressor.cpp">
      <Filter>Quelldateien</Filter>
    </ClCompile>
    <ClCompile Include="libs\RakNet\DirectoryDeltaTransfer.cpp">
      <Filter>Quelldateien</Filter>
    </ClCompile>
    <ClCompile Include="libs\RakNet\DS_BytePool.cpp">
      <Filter>Quelldateien</Filter>
    </ClCompile>
    <ClCompile Include="libs\RakNet\DS_ByteQueue.cpp">
      <Filter>Quelldateien</Filter>
    </ClCompile>
    <ClCompile Include="libs\RakNet\DS_HuffmanEncodingTree.cpp">
      <Filter>Quelldateien</Filter>
    </ClCompile>
    <ClCompile Include="libs\RakNet\DS_Table.cpp">
      <Filter>Quelldateien</Filter>
    </ClCompile>
    <ClCompile Include="libs\RakNet\EmailSender.cpp">
      <Filter>Quelldateien</Filter>
    </ClCompile>
    <ClCompile Include="libs\RakNet\EncodeClassName.cpp">
      <Filter>Quelldateien</Filter>
    </ClCompile>
    <ClCompile Include="libs\RakNet\EpochTimeToString.cpp">
      <Filter>Quelldateien</Filter>
    </ClCompile>
    <ClCompile Include="libs\RakNet\ExtendedOverlappedPool.cpp">
      <Filter>Quelldateien</Filter>
    </ClCompile>
    <ClCompile Include="libs\RakNet\FileList.cpp">
      <Filter>Quelldateien</Filter>
    </ClCompile>
    <ClCompile Include="libs\RakNet\FileListTransfer.cpp">
      <Filter>Quelldateien</Filter>
    </ClCompile>
    <ClCompile Include="libs\RakNet\FileOperations.cpp">
      <Filter>Quelldateien</Filter>
    </ClCompile>
    <ClCompile Include="libs\RakNet\FormatString.cpp">
      <Filter>Quelldateien</Filter>
    </ClCompile>
    <ClCompile Include="libs\RakNet\FullyConnectedMesh.cpp">
      <Filter>Quelldateien</Filter>
    </ClCompile>
    <ClCompile Include="libs\RakNet\FunctionThread.cpp">
      <Filter>Quelldateien</Filter>
    </ClCompile>
    <ClCompile Include="libs\RakNet\Gen_RPC8.cpp">
      <Filter>Quelldateien</Filter>
    </ClCompile>
    <ClCompile Include="libs\RakNet\GetTime.cpp">
      <Filter>Quelldateien</Filter>
    </ClCompile>
    <ClCompile Include="libs\RakNet\GridSectorizer.cpp">
      <Filter>Quelldateien</Filter>
    </ClCompile>
    <ClCompile Include="libs\RakNet\HTTPConnection.cpp">
      <Filter>Quelldateien</Filter>
    </ClCompile>
    <ClCompile Include="libs\RakNet\InlineFunctor.cpp">
      <Filter>Quelldateien</Filter>
    </ClCompile>
    <ClCompile Include="libs\RakNet\Itoa.cpp">
      <Filter>Quelldateien</Filter>
    </ClCompile>
    <ClCompile Include="libs\RakNet\LightweightDatabaseClient.cpp">
      <Filter>Quelldateien</Filter>
    </ClCompile>
    <ClCompile Include="libs\RakNet\LightweightDatabaseCommon.cpp">
      <Filter>Quelldateien</Filter>
    </ClCompile>
    <ClCompile Include="libs\RakNet\LightweightDatabaseServer.cpp">
      <Filter>Quelldateien</Filter>
    </ClCompile>
    <ClCompile Include="libs\RakNet\LinuxStrings.cpp">
      <Filter>Quelldateien</Filter>
    </ClCompile>
    <ClCompile Include="libs\RakNet\LogCommandParser.cpp">
      <Filter>Quelldateien</Filter>
    </ClCompile>
    <ClCompile Include="libs\RakNet\MessageFilter.cpp">
      <Filter>Quelldateien</Filter>
    </ClCompile>
    <ClCompile Include="libs\RakNet\NatPunchthrough.cpp">
      <Filter>Quelldateien</Filter>
    </ClCompile>
    <ClCompile Include="libs\RakNet\NetworkIDManager.cpp">
      <Filter>Quelldateien</Filter>
    </ClCompile>
    <ClCompile Include="libs\RakNet\NetworkIDObject.cpp">
      <Filter>Quelldateien</Filter>
    </ClCompile>
    <ClCompile Include="libs\RakNet\PacketConsoleLogger.cpp">
      <Filter>Quelldateien</Filter>
    </ClCompile>
    <ClCompile Include="libs\RakNet\PacketFileLogger.cpp">
      <Filter>Quelldateien</Filter>
    </ClCompile>
    <ClCompile Include="libs\RakNet\PacketLogger.cpp">
      <Filter>Quelldateien</Filter>
    </ClCompile>
    <ClCompile Include="libs\RakNet\PluginInterface.cpp">
      <Filter>Quelldateien</Filter>
    </ClCompile>
    <ClCompile Include="libs\RakNet\RakMemoryOverride.cpp">
      <Filter>Quelldateien</Filter>
    </ClCompile>
    <ClCompile Include="libs\RakNet\RakNetCommandParser.cpp">
      <Filter>Quelldateien</Filter>
    </ClCompile>
    <ClCompile Include="libs\RakNet\RakNetStatistics.cpp">
      <Filter>Quelldateien</Filter>
    </ClCompile>
    <ClCompile Include="libs\RakNet\RakNetTransport.cpp">
      <Filter>Quelldateien</Filter>
    </ClCompile>
    <ClCompile Include="libs\RakNet\RakNetTypes.cpp">
      <Filter>Quelldateien</Filter>
    </ClCompile>
    <ClCompile Include="libs\RakNet\RakNetworkFactory.cpp">
      <Filter>Quelldateien</Filter>
    </ClCompile>
    <ClCompile Include="libs\RakNet\RakPeer.cpp">
      <Filter>Quelldateien</Filter>
    </ClCompile>
    <ClCompile Include="libs\RakNet\RakSleep.cpp">
      <Filter>Quelldateien</Filter>
    </ClCompile>
    <ClCompile Include="libs\RakNet\RakString.cpp">
      <Filter>Quelldateien</Filter>
    </ClCompile>
    <ClCompile Include="libs\RakNet\RakThread.cpp">
      <Filter>Quelldateien</Filter>
    </ClCompile>
    <ClCompile Include="libs\RakNet\Rand.cpp">
      <Filter>Quelldateien</Filter>
    </ClCompile>
    <ClCompile Include="libs\RakNet\ReadyEvent.cpp">
      <Filter>Quelldateien</Filter>
    </ClCompile>
    <ClCompile Include="libs\RakNet\ReliabilityLayer.cpp">
      <Filter>Quelldateien</Filter>
    </ClCompile>
    <ClCompile Include="libs\RakNet\ReplicaManager.cpp">
      <Filter>Quelldateien</Filter>
    </ClCompile>
    <ClCompile Include="libs\RakNet\ReplicaManager2.cpp">
      <Filter>Quelldateien</Filter>
    </ClCompile>
    <ClCompile Include="libs\RakNet\rijndael.cpp">
      <Filter>Quelldateien</Filter>
    </ClCompile>
    <ClCompile Include="libs\RakNet\Router.cpp">
      <Filter>Quelldateien</Filter>
    </ClCompile>
    <ClCompile Include="libs\RakNet\RPCMap.cpp">
      <Filter>Quelldateien</Filter>
    </ClCompile>
    <ClCompile Include="libs\RakNet\SHA1.cpp">
      <Filter>Quelldateien</Filter>
    </ClCompile>
    <ClCompile Include="libs\RakNet\SimpleMutex.cpp">
      <Filter>Quelldateien</Filter>
    </ClCompile>
    <ClCompile Include="libs\RakNet\SocketLayer.cpp">
      <Filter>Quelldateien</Filter>
    </ClCompile>
    <ClCompile Include="libs\RakNet\StringCompressor.cpp">
      <Filter>Quelldateien</Filter>
    </ClCompile>
    <ClCompile Include="libs\RakNet\StringTable.cpp">
      <Filter>Quelldateien</Filter>
    </ClCompile>
    <ClCompile Include="libs\RakNet\SuperFastHash.cpp">
      <Filter>Quelldateien</Filter>
    </ClCompile>
    <ClCompile Include="libs\RakNet\SystemAddressList.cpp">
      <Filter>Quelldateien</Filter>
    </ClCompile>
    <ClCompile Include="libs\RakNet\TableSerializer.cpp">
      <Filter>Quelldateien</Filter>
    </ClCompile>
    <ClCompile Include="libs\RakNet\TCPInterface.cpp">
      <Filter>Quelldateien</Filter>
    </ClCompile>
    <ClCompile Include="libs\RakNet\TelnetTransport.cpp">
      <Filter>Quelldateien</Filter>
    </ClCompile>
    <ClCompile Include="libs\RakNet\ThreadsafePacketLogger.cpp">
      <Filter>Quelldateien</Filter>
    </ClCompile>
    <ClCompile Include="libs\RakNet\_FindFirst.cpp">
      <Filter>Quelldateien</Filter>
    </ClCompile>
    <ClCompile Include="src\Utils\Logger.cpp">
      <Filter>Quelldateien</Filter>
    </ClCompile>
    <ClCompile Include="src\Utils\ServerInfo.cpp">
      <Filter>Quelldateien</Filter>
    </ClCompile>
    <ClCompile Include="src\Server\MasterServer.cpp">
      <Filter>Quelldateien</Filter>
    </ClCompile>
    <ClCompile Include="src\Server\Bridges\BridgeMasterServer.cpp">
      <Filter>Quelldateien</Filter>
    </ClCompile>
  </ItemGroup>
  <ItemGroup>
    <ClInclude Include="src\Server\WorldServer.hpp">
      <Filter>Headerdateien</Filter>
    </ClInclude>
    <ClInclude Include="src\Server\AuthServer.hpp">
      <Filter>Headerdateien</Filter>
    </ClInclude>
    <ClInclude Include="src\Enums\EPackets.hpp">
      <Filter>Headerdateien</Filter>
    </ClInclude>
    <ClInclude Include="src\Server\Interfaces\ILUServer.hpp">
      <Filter>Headerdateien</Filter>
    </ClInclude>
    <ClInclude Include="src\Enums\ERemoteConnection.hpp">
      <Filter>Headerdateien</Filter>
    </ClInclude>
    <ClInclude Include="src\Enums\EGameMessages.hpp">
      <Filter>Headerdateien</Filter>
    </ClInclude>
    <ClInclude Include="src\Enums\EComponents.hpp">
      <Filter>Headerdateien</Filter>
    </ClInclude>
    <ClInclude Include="libs\RakNet\AsynchronousFileIO.h">
      <Filter>Headerdateien</Filter>
    </ClInclude>
    <ClInclude Include="libs\RakNet\AutopatcherPatchContext.h">
      <Filter>Headerdateien</Filter>
    </ClInclude>
    <ClInclude Include="libs\RakNet\AutopatcherRepositoryInterface.h">
      <Filter>Headerdateien</Filter>
    </ClInclude>
    <ClInclude Include="libs\RakNet\AutoRPC.h">
      <Filter>Headerdateien</Filter>
    </ClInclude>
    <ClInclude Include="libs\RakNet\BigTypes.h">
      <Filter>Headerdateien</Filter>
    </ClInclude>
    <ClInclude Include="libs\RakNet\BitStream.h">
      <Filter>Headerdateien</Filter>
    </ClInclude>
    <ClInclude Include="libs\RakNet\BitStream_NoTemplate.h">
      <Filter>Headerdateien</Filter>
    </ClInclude>
    <ClInclude Include="libs\RakNet\CheckSum.h">
      <Filter>Headerdateien</Filter>
    </ClInclude>
    <ClInclude Include="libs\RakNet\ClientContextStruct.h">
      <Filter>Headerdateien</Filter>
    </ClInclude>
    <ClInclude Include="libs\RakNet\CommandParserInterface.h">
      <Filter>Headerdateien</Filter>
    </ClInclude>
    <ClInclude Include="libs\RakNet\ConnectionGraph.h">
      <Filter>Headerdateien</Filter>
    </ClInclude>
    <ClInclude Include="libs\RakNet\ConsoleServer.h">
      <Filter>Headerdateien</Filter>
    </ClInclude>
    <ClInclude Include="libs\RakNet\DataBlockEncryptor.h">
      <Filter>Headerdateien</Filter>
    </ClInclude>
    <ClInclude Include="libs\RakNet\DataCompressor.h">
      <Filter>Headerdateien</Filter>
    </ClInclude>
    <ClInclude Include="libs\RakNet\DirectoryDeltaTransfer.h">
      <Filter>Headerdateien</Filter>
    </ClInclude>
    <ClInclude Include="libs\RakNet\DS_BinarySearchTree.h">
      <Filter>Headerdateien</Filter>
    </ClInclude>
    <ClInclude Include="libs\RakNet\DS_BPlusTree.h">
      <Filter>Headerdateien</Filter>
    </ClInclude>
    <ClInclude Include="libs\RakNet\DS_BytePool.h">
      <Filter>Headerdateien</Filter>
    </ClInclude>
    <ClInclude Include="libs\RakNet\DS_ByteQueue.h">
      <Filter>Headerdateien</Filter>
    </ClInclude>
    <ClInclude Include="libs\RakNet\DS_Heap.h">
      <Filter>Headerdateien</Filter>
    </ClInclude>
    <ClInclude Include="libs\RakNet\DS_HuffmanEncodingTree.h">
      <Filter>Headerdateien</Filter>
    </ClInclude>
    <ClInclude Include="libs\RakNet\DS_HuffmanEncodingTreeFactory.h">
      <Filter>Headerdateien</Filter>
    </ClInclude>
    <ClInclude Include="libs\RakNet\DS_HuffmanEncodingTreeNode.h">
      <Filter>Headerdateien</Filter>
    </ClInclude>
    <ClInclude Include="libs\RakNet\DS_LinkedList.h">
      <Filter>Headerdateien</Filter>
    </ClInclude>
    <ClInclude Include="libs\RakNet\DS_List.h">
      <Filter>Headerdateien</Filter>
    </ClInclude>
    <ClInclude Include="libs\RakNet\DS_Map.h">
      <Filter>Headerdateien</Filter>
    </ClInclude>
    <ClInclude Include="libs\RakNet\DS_MemoryPool.h">
      <Filter>Headerdateien</Filter>
    </ClInclude>
    <ClInclude Include="libs\RakNet\DS_OrderedChannelHeap.h">
      <Filter>Headerdateien</Filter>
    </ClInclude>
    <ClInclude Include="libs\RakNet\DS_OrderedList.h">
      <Filter>Headerdateien</Filter>
    </ClInclude>
    <ClInclude Include="libs\RakNet\DS_Queue.h">
      <Filter>Headerdateien</Filter>
    </ClInclude>
    <ClInclude Include="libs\RakNet\DS_QueueLinkedList.h">
      <Filter>Headerdateien</Filter>
    </ClInclude>
    <ClInclude Include="libs\RakNet\DS_RangeList.h">
      <Filter>Headerdateien</Filter>
    </ClInclude>
    <ClInclude Include="libs\RakNet\DS_Table.h">
      <Filter>Headerdateien</Filter>
    </ClInclude>
    <ClInclude Include="libs\RakNet\DS_Tree.h">
      <Filter>Headerdateien</Filter>
    </ClInclude>
    <ClInclude Include="libs\RakNet\DS_WeightedGraph.h">
      <Filter>Headerdateien</Filter>
    </ClInclude>
    <ClInclude Include="libs\RakNet\EmailSender.h">
      <Filter>Headerdateien</Filter>
    </ClInclude>
    <ClInclude Include="libs\RakNet\EpochTimeToString.h">
      <Filter>Headerdateien</Filter>
    </ClInclude>
    <ClInclude Include="libs\RakNet\Export.h">
      <Filter>Headerdateien</Filter>
    </ClInclude>
    <ClInclude Include="libs\RakNet\ExtendedOverlappedPool.h">
      <Filter>Headerdateien</Filter>
    </ClInclude>
    <ClInclude Include="libs\RakNet\FileList.h">
      <Filter>Headerdateien</Filter>
    </ClInclude>
    <ClInclude Include="libs\RakNet\FileListTransfer.h">
      <Filter>Headerdateien</Filter>
    </ClInclude>
    <ClInclude Include="libs\RakNet\FileListTransferCBInterface.h">
      <Filter>Headerdateien</Filter>
    </ClInclude>
    <ClInclude Include="libs\RakNet\FileOperations.h">
      <Filter>Headerdateien</Filter>
    </ClInclude>
    <ClInclude Include="libs\RakNet\FormatString.h">
      <Filter>Headerdateien</Filter>
    </ClInclude>
    <ClInclude Include="libs\RakNet\FullyConnectedMesh.h">
      <Filter>Headerdateien</Filter>
    </ClInclude>
    <ClInclude Include="libs\RakNet\FunctionThread.h">
      <Filter>Headerdateien</Filter>
    </ClInclude>
    <ClInclude Include="libs\RakNet\Gen_RPC8.h">
      <Filter>Headerdateien</Filter>
    </ClInclude>
    <ClInclude Include="libs\RakNet\GetTime.h">
      <Filter>Headerdateien</Filter>
    </ClInclude>
    <ClInclude Include="libs\RakNet\GridSectorizer.h">
      <Filter>Headerdateien</Filter>
    </ClInclude>
    <ClInclude Include="libs\RakNet\HTTPConnection.h">
      <Filter>Headerdateien</Filter>
    </ClInclude>
    <ClInclude Include="libs\RakNet\InlineFunctor.h">
      <Filter>Headerdateien</Filter>
    </ClInclude>
    <ClInclude Include="libs\RakNet\InternalPacket.h">
      <Filter>Headerdateien</Filter>
    </ClInclude>
    <ClInclude Include="libs\RakNet\Itoa.h">
      <Filter>Headerdateien</Filter>
    </ClInclude>
    <ClInclude Include="libs\RakNet\Kbhit.h">
      <Filter>Headerdateien</Filter>
    </ClInclude>
    <ClInclude Include="libs\RakNet\LightweightDatabaseClient.h">
      <Filter>Headerdateien</Filter>
    </ClInclude>
    <ClInclude Include="libs\RakNet\LightweightDatabaseCommon.h">
      <Filter>Headerdateien</Filter>
    </ClInclude>
    <ClInclude Include="libs\RakNet\LightweightDatabaseServer.h">
      <Filter>Headerdateien</Filter>
    </ClInclude>
    <ClInclude Include="libs\RakNet\LinuxStrings.h">
      <Filter>Headerdateien</Filter>
    </ClInclude>
    <ClInclude Include="libs\RakNet\LogCommandParser.h">
      <Filter>Headerdateien</Filter>
    </ClInclude>
    <ClInclude Include="libs\RakNet\MessageFilter.h">
      <Filter>Headerdateien</Filter>
    </ClInclude>
    <ClInclude Include="libs\RakNet\MessageIdentifiers.h">
      <Filter>Headerdateien</Filter>
    </ClInclude>
    <ClInclude Include="libs\RakNet\MTUSize.h">
      <Filter>Headerdateien</Filter>
    </ClInclude>
    <ClInclude Include="libs\RakNet\NatPunchthrough.h">
      <Filter>Headerdateien</Filter>
    </ClInclude>
    <ClInclude Include="libs\RakNet\NetworkIDManager.h">
      <Filter>Headerdateien</Filter>
    </ClInclude>
    <ClInclude Include="libs\RakNet\NetworkIDObject.h">
      <Filter>Headerdateien</Filter>
    </ClInclude>
    <ClInclude Include="libs\RakNet\PacketConsoleLogger.h">
      <Filter>Headerdateien</Filter>
    </ClInclude>
    <ClInclude Include="libs\RakNet\PacketFileLogger.h">
      <Filter>Headerdateien</Filter>
    </ClInclude>
    <ClInclude Include="libs\RakNet\PacketLogger.h">
      <Filter>Headerdateien</Filter>
    </ClInclude>
    <ClInclude Include="libs\RakNet\PacketPool.h">
      <Filter>Headerdateien</Filter>
    </ClInclude>
    <ClInclude Include="libs\RakNet\PacketPriority.h">
      <Filter>Headerdateien</Filter>
    </ClInclude>
    <ClInclude Include="libs\RakNet\PluginInterface.h">
      <Filter>Headerdateien</Filter>
    </ClInclude>
    <ClInclude Include="libs\RakNet\RakAssert.h">
      <Filter>Headerdateien</Filter>
    </ClInclude>
    <ClInclude Include="libs\RakNet\RakMemoryOverride.h">
      <Filter>Headerdateien</Filter>
    </ClInclude>
    <ClInclude Include="libs\RakNet\RakNetCommandParser.h">
      <Filter>Headerdateien</Filter>
    </ClInclude>
    <ClInclude Include="libs\RakNet\RakNetDefines.h">
      <Filter>Headerdateien</Filter>
    </ClInclude>
    <ClInclude Include="libs\RakNet\RakNetStatistics.h">
      <Filter>Headerdateien</Filter>
    </ClInclude>
    <ClInclude Include="libs\RakNet\RakNetTransport.h">
      <Filter>Headerdateien</Filter>
    </ClInclude>
    <ClInclude Include="libs\RakNet\RakNetTypes.h">
      <Filter>Headerdateien</Filter>
    </ClInclude>
    <ClInclude Include="libs\RakNet\RakNetVersion.h">
      <Filter>Headerdateien</Filter>
    </ClInclude>
    <ClInclude Include="libs\RakNet\RakNetworkFactory.h">
      <Filter>Headerdateien</Filter>
    </ClInclude>
    <ClInclude Include="libs\RakNet\RakPeer.h">
      <Filter>Headerdateien</Filter>
    </ClInclude>
    <ClInclude Include="libs\RakNet\RakPeerInterface.h">
      <Filter>Headerdateien</Filter>
    </ClInclude>
    <ClInclude Include="libs\RakNet\RakSleep.h">
      <Filter>Headerdateien</Filter>
    </ClInclude>
    <ClInclude Include="libs\RakNet\RakString.h">
      <Filter>Headerdateien</Filter>
    </ClInclude>
    <ClInclude Include="libs\RakNet\RakThread.h">
      <Filter>Headerdateien</Filter>
    </ClInclude>
    <ClInclude Include="libs\RakNet\Rand.h">
      <Filter>Headerdateien</Filter>
    </ClInclude>
    <ClInclude Include="libs\RakNet\ReadyEvent.h">
      <Filter>Headerdateien</Filter>
    </ClInclude>
    <ClInclude Include="libs\RakNet\RefCountedObj.h">
      <Filter>Headerdateien</Filter>
    </ClInclude>
    <ClInclude Include="libs\RakNet\ReliabilityLayer.h">
      <Filter>Headerdateien</Filter>
    </ClInclude>
    <ClInclude Include="libs\RakNet\Replica.h">
      <Filter>Headerdateien</Filter>
    </ClInclude>
    <ClInclude Include="libs\RakNet\ReplicaEnums.h">
      <Filter>Headerdateien</Filter>
    </ClInclude>
    <ClInclude Include="libs\RakNet\ReplicaManager.h">
      <Filter>Headerdateien</Filter>
    </ClInclude>
    <ClInclude Include="libs\RakNet\ReplicaManager2.h">
      <Filter>Headerdateien</Filter>
    </ClInclude>
    <ClInclude Include="libs\RakNet\Rijndael-Boxes.h">
      <Filter>Headerdateien</Filter>
    </ClInclude>
    <ClInclude Include="libs\RakNet\Rijndael.h">
      <Filter>Headerdateien</Filter>
    </ClInclude>
    <ClInclude Include="libs\RakNet\Router.h">
      <Filter>Headerdateien</Filter>
    </ClInclude>
    <ClInclude Include="libs\RakNet\RouterInterface.h">
      <Filter>Headerdateien</Filter>
    </ClInclude>
    <ClInclude Include="libs\RakNet\RPCMap.h">
      <Filter>Headerdateien</Filter>
    </ClInclude>
    <ClInclude Include="libs\RakNet\RPCNode.h">
      <Filter>Headerdateien</Filter>
    </ClInclude>
    <ClInclude Include="libs\RakNet\RSACrypt.h">
      <Filter>Headerdateien</Filter>
    </ClInclude>
    <ClInclude Include="libs\RakNet\SHA1.h">
      <Filter>Headerdateien</Filter>
    </ClInclude>
    <ClInclude Include="libs\RakNet\SimpleMutex.h">
      <Filter>Headerdateien</Filter>
    </ClInclude>
    <ClInclude Include="libs\RakNet\SimpleTCPServer.h">
      <Filter>Headerdateien</Filter>
    </ClInclude>
    <ClInclude Include="libs\RakNet\SingleProducerConsumer.h">
      <Filter>Headerdateien</Filter>
    </ClInclude>
    <ClInclude Include="libs\RakNet\SocketLayer.h">
      <Filter>Headerdateien</Filter>
    </ClInclude>
    <ClInclude Include="libs\RakNet\StringCompressor.h">
      <Filter>Headerdateien</Filter>
    </ClInclude>
    <ClInclude Include="libs\RakNet\StringTable.h">
      <Filter>Headerdateien</Filter>
    </ClInclude>
    <ClInclude Include="libs\RakNet\SuperFastHash.h">
      <Filter>Headerdateien</Filter>
    </ClInclude>
    <ClInclude Include="libs\RakNet\SystemAddressList.h">
      <Filter>Headerdateien</Filter>
    </ClInclude>
    <ClInclude Include="libs\RakNet\TableSerializer.h">
      <Filter>Headerdateien</Filter>
    </ClInclude>
    <ClInclude Include="libs\RakNet\TCPInterface.h">
      <Filter>Headerdateien</Filter>
    </ClInclude>
    <ClInclude Include="libs\RakNet\TelnetTransport.h">
      <Filter>Headerdateien</Filter>
    </ClInclude>
    <ClInclude Include="libs\RakNet\ThreadPool.h">
      <Filter>Headerdateien</Filter>
    </ClInclude>
    <ClInclude Include="libs\RakNet\ThreadsafePacketLogger.h">
      <Filter>Headerdateien</Filter>
    </ClInclude>
    <ClInclude Include="libs\RakNet\TransportInterface.h">
      <Filter>Headerdateien</Filter>
    </ClInclude>
    <ClInclude Include="libs\RakNet\Types.h">
      <Filter>Headerdateien</Filter>
    </ClInclude>
    <ClInclude Include="libs\RakNet\_FindFirst.h">
      <Filter>Headerdateien</Filter>
    </ClInclude>
    <ClInclude Include="src\Utils\Logger.hpp">
      <Filter>Headerdateien</Filter>
    </ClInclude>
    <ClInclude Include="src\Utils\ServerInfo.hpp">
      <Filter>Headerdateien</Filter>
    </ClInclude>
    <ClInclude Include="src\Server\Bridges\BridgeMasterServer.hpp">
      <Filter>Headerdateien</Filter>
    </ClInclude>
    <ClInclude Include="src\Server\MasterServer.hpp">
      <Filter>Headerdateien</Filter>
    </ClInclude>
    <ClInclude Include="src\DataTypes\LWOOBJID.hpp">
      <Filter>Headerdateien</Filter>
    </ClInclude>
    <ClInclude Include="src\DataTypes\AMF3.hpp">
      <Filter>Headerdateien</Filter>
    </ClInclude>
    <ClInclude Include="src\Common\CrossPlatform.hpp">
      <Filter>Headerdateien</Filter>
    </ClInclude>
  </ItemGroup>
  <ItemGroup>
    <None Include=".gitignore" />
  </ItemGroup>
</Project>