
Microsoft Visual Studio Solution File, Format Version 12.00
# Visual Studio 15
VisualStudioVersion = 15.0.27428.2037
MinimumVisualStudioVersion = 10.0.40219.1
Project("{8BC9CEB8-8B4A-11D0-8D11-00A0C91BC942}") = "LUReborn Server 3.0", "LUReborn Server 3.0.vcxproj", "{6D79003D-DABD-4A48-BABA-E81A3C8CB0DA}"
EndProject
Global
	GlobalSection(SolutionConfigurationPlatforms) = preSolution
		Auth|x64 = Auth|x64
		Auth|x86 = Auth|x86
		Debug|x64 = Debug|x64
		Debug|x86 = Debug|x86
		Release|x64 = Release|x64
		Release|x86 = Release|x86
	EndGlobalSection
	GlobalSection(ProjectConfigurationPlatforms) = postSolution
		{6D79003D-DABD-4A48-BABA-E81A3C8CB0DA}.Auth|x64.ActiveCfg = Release|x64
		{6D79003D-DABD-4A48-BABA-E81A3C8CB0DA}.Auth|x64.Build.0 = Release|x64
		{6D79003D-DABD-4A48-BABA-E81A3C8CB0DA}.Auth|x86.ActiveCfg = Release|Win32
		{6D79003D-DABD-4A48-BABA-E81A3C8CB0DA}.Auth|x86.Build.0 = Release|Win32
		{6D79003D-DABD-4A48-BABA-E81A3C8CB0DA}.Debug|x64.ActiveCfg = Debug|x64
		{6D79003D-DABD-4A48-BABA-E81A3C8CB0DA}.Debug|x64.Build.0 = Debug|x64
		{6D79003D-DABD-4A48-BABA-E81A3C8CB0DA}.Debug|x86.ActiveCfg = Debug|Win32
		{6D79003D-DABD-4A48-BABA-E81A3C8CB0DA}.Debug|x86.Build.0 = Debug|Win32
		{6D79003D-DABD-4A48-BABA-E81A3C8CB0DA}.Release|x64.ActiveCfg = Release|x64
		{6D79003D-DABD-4A48-BABA-E81A3C8CB0DA}.Release|x64.Build.0 = Release|x64
		{6D79003D-DABD-4A48-BABA-E81A3C8CB0DA}.Release|x86.ActiveCfg = Release|Win32
		{6D79003D-DABD-4A48-BABA-E81A3C8CB0DA}.Release|x86.Build.0 = Release|Win32
	EndGlobalSection
	GlobalSection(SolutionProperties) = preSolution
		HideSolutionNode = FALSE
	EndGlobalSection
	GlobalSection(ExtensibilityGlobals) = postSolution
		SolutionGuid = {F849AE16-8609-4289-B369-2475B298EBA0}
	EndGlobalSection
EndGlobal
